
Microsoft Visual Studio Solution File, Format Version 12.00
# Visual Studio 15
VisualStudioVersion = 15.0.27428.2002
MinimumVisualStudioVersion = 10.0.40219.1
Project("{FAE04EC0-301F-11D3-BF4B-00C04F79EFBC}") = "JQueryUploadDemo", "JQueryUploadDemo\JQueryUploadDemo.csproj", "{42A6DB88-B86F-4393-9F09-C4DE7E5B2F0A}"
EndProject
Global
	GlobalSection(SolutionConfigurationPlatforms) = preSolution
		Debug|Any CPU = Debug|Any CPU
		Release|Any CPU = Release|Any CPU
	EndGlobalSection
	GlobalSection(ProjectConfigurationPlatforms) = postSolution
		{42A6DB88-B86F-4393-9F09-C4DE7E5B2F0A}.Debug|Any CPU.ActiveCfg = Debug|Any CPU
		{42A6DB88-B86F-4393-9F09-C4DE7E5B2F0A}.Debug|Any CPU.Build.0 = Debug|Any CPU
		{42A6DB88-B86F-4393-9F09-C4DE7E5B2F0A}.Release|Any CPU.ActiveCfg = Release|Any CPU
		{42A6DB88-B86F-4393-9F09-C4DE7E5B2F0A}.Release|Any CPU.Build.0 = Release|Any CPU
	EndGlobalSection
	GlobalSection(SolutionProperties) = preSolution
		HideSolutionNode = FALSE
	EndGlobalSection
	GlobalSection(ExtensibilityGlobals) = postSolution
		SolutionGuid = {4366C3A9-D27B-4954-8E88-B467B2DD1240}
	EndGlobalSection
EndGlobal
